// !$*UTF8*$!
{
	archiveVersion = 1;
	classes = {
	};
	objectVersion = 46;
	objects = {

/* Begin PBXBuildFile section */
		C541195A16DF5B1A004892E9 /* UIKit.framework in Frameworks */ = {isa = PBXBuildFile; fileRef = C541195916DF5B1A004892E9 /* UIKit.framework */; };
		C541195C16DF5B1A004892E9 /* Foundation.framework in Frameworks */ = {isa = PBXBuildFile; fileRef = C541195B16DF5B1A004892E9 /* Foundation.framework */; };
		C541195E16DF5B1A004892E9 /* CoreGraphics.framework in Frameworks */ = {isa = PBXBuildFile; fileRef = C541195D16DF5B1A004892E9 /* CoreGraphics.framework */; };
		C541196416DF5B1A004892E9 /* InfoPlist.strings in Resources */ = {isa = PBXBuildFile; fileRef = C541196216DF5B1A004892E9 /* InfoPlist.strings */; };
		C541196616DF5B1A004892E9 /* main.m in Sources */ = {isa = PBXBuildFile; fileRef = C541196516DF5B1A004892E9 /* main.m */; };
		C541196A16DF5B1A004892E9 /* AppDelegate.m in Sources */ = {isa = PBXBuildFile; fileRef = C541196916DF5B1A004892E9 /* AppDelegate.m */; };
		C541196C16DF5B1A004892E9 /* Default.png in Resources */ = {isa = PBXBuildFile; fileRef = C541196B16DF5B1A004892E9 /* Default.png */; };
		C541196E16DF5B1A004892E9 /* Default@2x.png in Resources */ = {isa = PBXBuildFile; fileRef = C541196D16DF5B1A004892E9 /* Default@2x.png */; };
		C541197016DF5B1A004892E9 /* Default-568h@2x.png in Resources */ = {isa = PBXBuildFile; fileRef = C541196F16DF5B1A004892E9 /* Default-568h@2x.png */; };
/* End PBXBuildFile section */

/* Begin PBXFileReference section */
		C541195616DF5B1A004892E9 /* iOSLib.app */ = {isa = PBXFileReference; explicitFileType = wrapper.application; includeInIndex = 0; path = iOSLib.app; sourceTree = BUILT_PRODUCTS_DIR; };
		C541195916DF5B1A004892E9 /* UIKit.framework */ = {isa = PBXFileReference; lastKnownFileType = wrapper.framework; name = UIKit.framework; path = System/Library/Frameworks/UIKit.framework; sourceTree = SDKROOT; };
		C541195B16DF5B1A004892E9 /* Foundation.framework */ = {isa = PBXFileReference; lastKnownFileType = wrapper.framework; name = Foundation.framework; path = System/Library/Frameworks/Foundation.framework; sourceTree = SDKROOT; };
		C541195D16DF5B1A004892E9 /* CoreGraphics.framework */ = {isa = PBXFileReference; lastKnownFileType = wrapper.framework; name = CoreGraphics.framework; path = System/Library/Frameworks/CoreGraphics.framework; sourceTree = SDKROOT; };
		C541196116DF5B1A004892E9 /* iOSLib-Info.plist */ = {isa = PBXFileReference; lastKnownFileType = text.plist.xml; path = "iOSLib-Info.plist"; sourceTree = "<group>"; };
		C541196316DF5B1A004892E9 /* en */ = {isa = PBXFileReference; lastKnownFileType = text.plist.strings; name = en; path = en.lproj/InfoPlist.strings; sourceTree = "<group>"; };
		C541196516DF5B1A004892E9 /* main.m */ = {isa = PBXFileReference; lastKnownFileType = sourcecode.c.objc; path = main.m; sourceTree = "<group>"; };
		C541196716DF5B1A004892E9 /* iOSLib-Prefix.pch */ = {isa = PBXFileReference; lastKnownFileType = sourcecode.c.h; path = "iOSLib-Prefix.pch"; sourceTree = "<group>"; };
		C541196816DF5B1A004892E9 /* AppDelegate.h */ = {isa = PBXFileReference; lastKnownFileType = sourcecode.c.h; path = AppDelegate.h; sourceTree = "<group>"; };
		C541196916DF5B1A004892E9 /* AppDelegate.m */ = {isa = PBXFileReference; lastKnownFileType = sourcecode.c.objc; path = AppDelegate.m; sourceTree = "<group>"; };
		C541196B16DF5B1A004892E9 /* Default.png */ = {isa = PBXFileReference; lastKnownFileType = image.png; path = Default.png; sourceTree = "<group>"; };
		C541196D16DF5B1A004892E9 /* Default@2x.png */ = {isa = PBXFileReference; lastKnownFileType = image.png; path = "Default@2x.png"; sourceTree = "<group>"; };
		C541196F16DF5B1A004892E9 /* Default-568h@2x.png */ = {isa = PBXFileReference; lastKnownFileType = image.png; path = "Default-568h@2x.png"; sourceTree = "<group>"; };
/* End PBXFileReference section */

/* Begin PBXFrameworksBuildPhase section */
		C541195316DF5B1A004892E9 /* Frameworks */ = {
			isa = PBXFrameworksBuildPhase;
			buildActionMask = 2147483647;
			files = (
				C541195A16DF5B1A004892E9 /* UIKit.framework in Frameworks */,
				C541195C16DF5B1A004892E9 /* Foundation.framework in Frameworks */,
				C541195E16DF5B1A004892E9 /* CoreGraphics.framework in Frameworks */,
			);
			runOnlyForDeploymentPostprocessing = 0;
		};
/* End PBXFrameworksBuildPhase section */

/* Begin PBXGroup section */
		C541194D16DF5B1A004892E9 = {
			isa = PBXGroup;
			children = (
				C541195F16DF5B1A004892E9 /* iOSLib */,
				C541195816DF5B1A004892E9 /* Frameworks */,
				C541195716DF5B1A004892E9 /* Products */,
			);
			sourceTree = "<group>";
		};
		C541195716DF5B1A004892E9 /* Products */ = {
			isa = PBXGroup;
			children = (
				C541195616DF5B1A004892E9 /* iOSLib.app */,
			);
			name = Products;
			sourceTree = "<group>";
		};
		C541195816DF5B1A004892E9 /* Frameworks */ = {
			isa = PBXGroup;
			children = (
				C541195916DF5B1A004892E9 /* UIKit.framework */,
				C541195B16DF5B1A004892E9 /* Foundation.framework */,
				C541195D16DF5B1A004892E9 /* CoreGraphics.framework */,
			);
			name = Frameworks;
			sourceTree = "<group>";
		};
		C541195F16DF5B1A004892E9 /* iOSLib */ = {
			isa = PBXGroup;
			children = (
				C541196816DF5B1A004892E9 /* AppDelegate.h */,
				C541196916DF5B1A004892E9 /* AppDelegate.m */,
				C541196016DF5B1A004892E9 /* Supporting Files */,
			);
			path = iOSLib;
			sourceTree = "<group>";
		};
		C541196016DF5B1A004892E9 /* Supporting Files */ = {
			isa = PBXGroup;
			children = (
				C541196116DF5B1A004892E9 /* iOSLib-Info.plist */,
				C541196216DF5B1A004892E9 /* InfoPlist.strings */,
				C541196516DF5B1A004892E9 /* main.m */,
				C541196716DF5B1A004892E9 /* iOSLib-Prefix.pch */,
				C541196B16DF5B1A004892E9 /* Default.png */,
				C541196D16DF5B1A004892E9 /* Default@2x.png */,
				C541196F16DF5B1A004892E9 /* Default-568h@2x.png */,
			);
			name = "Supporting Files";
			sourceTree = "<group>";
		};
/* End PBXGroup section */

/* Begin PBXNativeTarget section */
		C541195516DF5B1A004892E9 /* iOSLib */ = {
			isa = PBXNativeTarget;
			buildConfigurationList = C541197316DF5B1A004892E9 /* Build configuration list for PBXNativeTarget "iOSLib" */;
			buildPhases = (
				C541195216DF5B1A004892E9 /* Sources */,
				C541195316DF5B1A004892E9 /* Frameworks */,
				C541195416DF5B1A004892E9 /* Resources */,
			);
			buildRules = (
			);
			dependencies = (
			);
			name = iOSLib;
			productName = iOSLib;
			productReference = C541195616DF5B1A004892E9 /* iOSLib.app */;
			productType = "com.apple.product-type.application";
		};
/* End PBXNativeTarget section */

/* Begin PBXProject section */
		C541194E16DF5B1A004892E9 /* Project object */ = {
			isa = PBXProject;
			attributes = {
				LastUpgradeCheck = 0460;
				ORGANIZATIONNAME = "Sommer, Martin";
			};
			buildConfigurationList = C541195116DF5B1A004892E9 /* Build configuration list for PBXProject "iOSLib" */;
			compatibilityVersion = "Xcode 3.2";
			developmentRegion = English;
			hasScannedForEncodings = 0;
			knownRegions = (
				en,
			);
			mainGroup = C541194D16DF5B1A004892E9;
			productRefGroup = C541195716DF5B1A004892E9 /* Products */;
			projectDirPath = "";
			projectRoot = "";
			targets = (
				C541195516DF5B1A004892E9 /* iOSLib */,
			);
		};
/* End PBXProject section */

/* Begin PBXResourcesBuildPhase section */
		C541195416DF5B1A004892E9 /* Resources */ = {
			isa = PBXResourcesBuildPhase;
			buildActionMask = 2147483647;
			files = (
				C541196416DF5B1A004892E9 /* InfoPlist.strings in Resources */,
				C541196C16DF5B1A004892E9 /* Default.png in Resources */,
				C541196E16DF5B1A004892E9 /* Default@2x.png in Resources */,
				C541197016DF5B1A004892E9 /* Default-568h@2x.png in Resources */,
			);
			runOnlyForDeploymentPostprocessing = 0;
		};
/* End PBXResourcesBuildPhase section */

/* Begin PBXSourcesBuildPhase section */
		C541195216DF5B1A004892E9 /* Sources */ = {
			isa = PBXSourcesBuildPhase;
			buildActionMask = 2147483647;
			files = (
				C541196616DF5B1A004892E9 /* main.m in Sources */,
				C541196A16DF5B1A004892E9 /* AppDelegate.m in Sources */,
			);
			runOnlyForDeploymentPostprocessing = 0;
		};
/* End PBXSourcesBuildPhase section */

/* Begin PBXVariantGroup section */
		C541196216DF5B1A004892E9 /* InfoPlist.strings */ = {
			isa = PBXVariantGroup;
			children = (
				C541196316DF5B1A004892E9 /* en */,
			);
			name = InfoPlist.strings;
			sourceTree = "<group>";
		};
/* End PBXVariantGroup section */

/* Begin XCBuildConfiguration section */
		C541197116DF5B1A004892E9 /* Debug */ = {
			isa = XCBuildConfiguration;
			buildSettings = {
				ALWAYS_SEARCH_USER_PATHS = NO;
				CLANG_CXX_LANGUAGE_STANDARD = "gnu++0x";
				CLANG_CXX_LIBRARY = "libc++";
				CLANG_ENABLE_OBJC_ARC = YES;
				CLANG_WARN_CONSTANT_CONVERSION = YES;
				CLANG_WARN_EMPTY_BODY = YES;
				CLANG_WARN_ENUM_CONVERSION = YES;
				CLANG_WARN_INT_CONVERSION = YES;
				CLANG_WARN__DUPLICATE_METHOD_MATCH = YES;
				"CODE_SIGN_IDENTITY[sdk=iphoneos*]" = "iPhone Developer";
				COPY_PHASE_STRIP = NO;
				GCC_C_LANGUAGE_STANDARD = gnu99;
				GCC_DYNAMIC_NO_PIC = NO;
				GCC_OPTIMIZATION_LEVEL = 0;
				GCC_PREPROCESSOR_DEFINITIONS = (
					"DEBUG=1",
					"$(inherited)",
				);
				GCC_SYMBOLS_PRIVATE_EXTERN = NO;
				GCC_WARN_ABOUT_RETURN_TYPE = YES;
				GCC_WARN_UNINITIALIZED_AUTOS = YES;
				GCC_WARN_UNUSED_VARIABLE = YES;
				IPHONEOS_DEPLOYMENT_TARGET = 6.1;
				ONLY_ACTIVE_ARCH = YES;
				SDKROOT = iphoneos;
				TARGETED_DEVICE_FAMILY = "1,2";
			};
			name = Debug;
		};
		C541197216DF5B1A004892E9 /* Release */ = {
			isa = XCBuildConfiguration;
			buildSettings = {
				ALWAYS_SEARCH_USER_PATHS = NO;
				CLANG_CXX_LANGUAGE_STANDARD = "gnu++0x";
				CLANG_CXX_LIBRARY = "libc++";
				CLANG_ENABLE_OBJC_ARC = YES;
				CLANG_WARN_CONSTANT_CONVERSION = YES;
				CLANG_WARN_EMPTY_BODY = YES;
				CLANG_WARN_ENUM_CONVERSION = YES;
				CLANG_WARN_INT_CONVERSION = YES;
				CLANG_WARN__DUPLICATE_METHOD_MATCH = YES;
				"CODE_SIGN_IDENTITY[sdk=iphoneos*]" = "iPhone Developer";
				COPY_PHASE_STRIP = YES;
				GCC_C_LANGUAGE_STANDARD = gnu99;
				GCC_WARN_ABOUT_RETURN_TYPE = YES;
				GCC_WARN_UNINITIALIZED_AUTOS = YES;
				GCC_WARN_UNUSED_VARIABLE = YES;
				IPHONEOS_DEPLOYMENT_TARGET = 6.1;
				OTHER_CFLAGS = "-DNS_BLOCK_ASSERTIONS=1";
				SDKROOT = iphoneos;
				TARGETED_DEVICE_FAMILY = "1,2";
				VALIDATE_PRODUCT = YES;
			};
			name = Release;
		};
		C541197416DF5B1A004892E9 /* Debug */ = {
			isa = XCBuildConfiguration;
			buildSettings = {
				GCC_PRECOMPILE_PREFIX_HEADER = YES;
				GCC_PREFIX_HEADER = "iOSLib/iOSLib-Prefix.pch";
				INFOPLIST_FILE = "iOSLib/iOSLib-Info.plist";
				PRODUCT_NAME = "$(TARGET_NAME)";
				WRAPPER_EXTENSION = app;
			};
			name = Debug;
		};
		C541197516DF5B1A004892E9 /* Release */ = {
			isa = XCBuildConfiguration;
			buildSettings = {
				GCC_PRECOMPILE_PREFIX_HEADER = YES;
				GCC_PREFIX_HEADER = "iOSLib/iOSLib-Prefix.pch";
				INFOPLIST_FILE = "iOSLib/iOSLib-Info.plist";
				PRODUCT_NAME = "$(TARGET_NAME)";
				WRAPPER_EXTENSION = app;
			};
			name = Release;
		};
/* End XCBuildConfiguration section */

/* Begin XCConfigurationList section */
		C541195116DF5B1A004892E9 /* Build configuration list for PBXProject "iOSLib" */ = {
			isa = XCConfigurationList;
			buildConfigurations = (
				C541197116DF5B1A004892E9 /* Debug */,
				C541197216DF5B1A004892E9 /* Release */,
			);
			defaultConfigurationIsVisible = 0;
			defaultConfigurationName = Release;
		};
		C541197316DF5B1A004892E9 /* Build configuration list for PBXNativeTarget "iOSLib" */ = {
			isa = XCConfigurationList;
			buildConfigurations = (
				C541197416DF5B1A004892E9 /* Debug */,
				C541197516DF5B1A004892E9 /* Release */,
			);
			defaultConfigurationIsVisible = 0;
		};
/* End XCConfigurationList section */
	};
	rootObject = C541194E16DF5B1A004892E9 /* Project object */;
}
